# This file was autogenerated by uv via the following command:
#    uv pip compile pyproject.toml --python-version 3.11 -o uv.lock
absl-py==2.3.1
    # via
    #   tensorboard
    #   tensorflow-cpu
astunparse==1.6.3
    # via tensorflow-cpu
blinker==1.9.0
    # via flask
certifi==2026.1.4
    # via requests
charset-normalizer==3.4.4
    # via requests
click==8.3.1
    # via flask
flask==3.1.2
    # via traffic-sign-classification (pyproject.toml)
flatbuffers==25.12.19
    # via tensorflow-cpu
gast==0.7.0
    # via tensorflow-cpu
google-auth==2.47.0
    # via
    #   google-auth-oauthlib
    #   tensorboard
google-auth-oauthlib==1.2.4
    # via tensorboard
google-pasta==0.2.0
    # via tensorflow-cpu
grpcio==1.76.0
    # via
    #   tensorboard
    #   tensorflow-cpu
h5py==3.15.1
    # via tensorflow-cpu
idna==3.11
    # via requests
itsdangerous==2.2.0
    # via flask
jinja2==3.1.6
    # via flask
joblib==1.5.3
    # via scikit-learn
keras==2.15.0
    # via tensorflow-cpu
libclang==18.1.1
    # via tensorflow-cpu
markdown==3.10
    # via tensorboard
markupsafe==3.0.3
    # via
    #   flask
    #   jinja2
    #   werkzeug
ml-dtypes==0.2.0
    # via tensorflow-cpu
numpy==1.26.4
    # via
    #   traffic-sign-classification (pyproject.toml)
    #   h5py
    #   ml-dtypes
    #   pandas
    #   scikit-learn
    #   scipy
    #   tensorboard
    #   tensorflow-cpu
oauthlib==3.3.1
    # via requests-oauthlib
opt-einsum==3.4.0
    # via tensorflow-cpu
packaging==25.0
    # via tensorflow-cpu
pandas==2.3.3
    # via traffic-sign-classification (pyproject.toml)
pillow==12.1.0
    # via traffic-sign-classification (pyproject.toml)
protobuf==4.25.8
    # via
    #   tensorboard
    #   tensorflow-cpu
pyasn1==0.6.2
    # via
    #   pyasn1-modules
    #   rsa
pyasn1-modules==0.4.2
    # via google-auth
python-dateutil==2.9.0.post0
    # via pandas
pytz==2025.2
    # via pandas
requests==2.32.5
    # via
    #   requests-oauthlib
    #   tensorboard
requests-oauthlib==2.0.0
    # via google-auth-oauthlib
rsa==4.9.1
    # via google-auth
scikit-learn==1.8.0
    # via traffic-sign-classification (pyproject.toml)
scipy==1.17.0
    # via scikit-learn
setuptools==80.9.0
    # via
    #   tensorboard
    #   tensorflow-cpu
six==1.17.0
    # via
    #   astunparse
    #   google-pasta
    #   python-dateutil
    #   tensorboard
    #   tensorflow-cpu
tensorboard==2.15.2
    # via tensorflow-cpu
tensorboard-data-server==0.7.2
    # via tensorboard
tensorflow-cpu==2.15.0
    # via traffic-sign-classification (pyproject.toml)
tensorflow-estimator==2.15.0
    # via tensorflow-cpu
tensorflow-io-gcs-filesystem==0.37.1
    # via tensorflow-cpu
termcolor==3.3.0
    # via tensorflow-cpu
threadpoolctl==3.6.0
    # via scikit-learn
typing-extensions==4.15.0
    # via
    #   grpcio
    #   tensorflow-cpu
tzdata==2025.3
    # via pandas
urllib3==2.6.3
    # via requests
werkzeug==3.1.5
    # via
    #   flask
    #   tensorboard
wheel==0.45.1
    # via astunparse
wrapt==1.14.2
    # via tensorflow-cpu
